schema: '2.0'
stages:
  unpack:
    cmd: python -m super_resolution.preprocessing.unpack
    deps:
    - path: data/raw.tar.gz
      md5: d4e9d15f73c456e6f8ade8f17e001f2e
      size: 821155541
    outs:
    - path: data/unpacked
      md5: b2c461b1b0bcb7a0a2318d5be1f13758.dir
      size: 866190740
      nfiles: 25002
  preprocess:
    cmd: python -m super_resolution.preprocessing.preprocess
    deps:
    - path: data/unpacked
      md5: b2c461b1b0bcb7a0a2318d5be1f13758.dir
      size: 866190740
      nfiles: 25002
    params:
      super_resolution/config.py:
        DataConfig.target_height: 320
        DataConfig.target_width: 240
    outs:
    - path: data/processed_cats.pkl
      md5: 4c285fcb1e7949e80caf1a6a551f966c
      size: 2161900379
    - path: data/processed_dogs.pkl
      md5: 2354966554a8ca879bec6fcdd51f1d5c
      size: 2162130779
